
Microsoft Visual Studio Solution File, Format Version 12.00
# Visual Studio 15
VisualStudioVersion = 15.0.28307.329
MinimumVisualStudioVersion = 10.0.40219.1
Project("{9A19103F-16F7-4668-BE54-9A1E7A4F7556}") = "PetConsoleAzureResources", "PetConsoleAzureResources.csproj", "{EDD55EF2-9E67-45B1-9053-A0EC73CB990C}"
EndProject
Project("{9A19103F-16F7-4668-BE54-9A1E7A4F7556}") = "PetConsoleAzureBatch", "..\PetConsoleAzureBatch\PetConsoleAzureBatch.csproj", "{37D5E0EB-AD51-4E81-850D-8FCD2A822D7D}"
EndProject
Project("{9A19103F-16F7-4668-BE54-9A1E7A4F7556}") = "PetCosmosTable", "..\PetCosmosTable\PetCosmosTable.csproj", "{F974C367-B1C1-4DCC-AD7D-5CE45A67DBF6}"
EndProject
Project("{FAE04EC0-301F-11D3-BF4B-00C04F79EFBC}") = "PetConsoleBlobClient", "..\PetConsoleBlobClient\PetConsoleBlobClient.csproj", "{6596DC4A-1F2B-4F69-A1A6-D35FE3DA53CA}"
EndProject
Global
	GlobalSection(SolutionConfigurationPlatforms) = preSolution
		Debug|Any CPU = Debug|Any CPU
		Release|Any CPU = Release|Any CPU
	EndGlobalSection
	GlobalSection(ProjectConfigurationPlatforms) = postSolution
		{EDD55EF2-9E67-45B1-9053-A0EC73CB990C}.Debug|Any CPU.ActiveCfg = Debug|Any CPU
		{EDD55EF2-9E67-45B1-9053-A0EC73CB990C}.Debug|Any CPU.Build.0 = Debug|Any CPU
		{EDD55EF2-9E67-45B1-9053-A0EC73CB990C}.Release|Any CPU.ActiveCfg = Release|Any CPU
		{EDD55EF2-9E67-45B1-9053-A0EC73CB990C}.Release|Any CPU.Build.0 = Release|Any CPU
		{37D5E0EB-AD51-4E81-850D-8FCD2A822D7D}.Debug|Any CPU.ActiveCfg = Debug|Any CPU
		{37D5E0EB-AD51-4E81-850D-8FCD2A822D7D}.Debug|Any CPU.Build.0 = Debug|Any CPU
		{37D5E0EB-AD51-4E81-850D-8FCD2A822D7D}.Release|Any CPU.ActiveCfg = Release|Any CPU
		{37D5E0EB-AD51-4E81-850D-8FCD2A822D7D}.Release|Any CPU.Build.0 = Release|Any CPU
		{6596DC4A-1F2B-4F69-A1A6-D35FE3DA53CA}.Debug|Any CPU.ActiveCfg = Debug|Any CPU
		{6596DC4A-1F2B-4F69-A1A6-D35FE3DA53CA}.Debug|Any CPU.Build.0 = Debug|Any CPU
		{6596DC4A-1F2B-4F69-A1A6-D35FE3DA53CA}.Release|Any CPU.ActiveCfg = Release|Any CPU
		{6596DC4A-1F2B-4F69-A1A6-D35FE3DA53CA}.Release|Any CPU.Build.0 = Release|Any CPU
		{F974C367-B1C1-4DCC-AD7D-5CE45A67DBF6}.Debug|Any CPU.ActiveCfg = Debug|Any CPU
		{F974C367-B1C1-4DCC-AD7D-5CE45A67DBF6}.Debug|Any CPU.Build.0 = Debug|Any CPU
		{F974C367-B1C1-4DCC-AD7D-5CE45A67DBF6}.Release|Any CPU.ActiveCfg = Release|Any CPU
		{F974C367-B1C1-4DCC-AD7D-5CE45A67DBF6}.Release|Any CPU.Build.0 = Release|Any CPU
	EndGlobalSection
	GlobalSection(SolutionProperties) = preSolution
		HideSolutionNode = FALSE
	EndGlobalSection
	GlobalSection(ExtensibilityGlobals) = postSolution
		SolutionGuid = {9F19F4BA-F44F-4B6C-897B-DF54277D3795}
	EndGlobalSection
EndGlobal
