
Microsoft Visual Studio Solution File, Format Version 12.00
# Visual Studio 15
VisualStudioVersion = 15.0.28307.329
MinimumVisualStudioVersion = 10.0.40219.1
Project("{9A19103F-16F7-4668-BE54-9A1E7A4F7556}") = "PetConsoleAzureResources", "PetConsoleAzureResources.csproj", "{EDD55EF2-9E67-45B1-9053-A0EC73CB990C}"
EndProject
Project("{9A19103F-16F7-4668-BE54-9A1E7A4F7556}") = "PetConsoleAzureBatch", "..\PetConsoleAzureBatch\PetConsoleAzureBatch.csproj", "{37D5E0EB-AD51-4E81-850D-8FCD2A822D7D}"
EndProject
Project("{9A19103F-16F7-4668-BE54-9A1E7A4F7556}") = "PetCosmosTable", "..\PetCosmosTable\PetCosmosTable.csproj", "{F974C367-B1C1-4DCC-AD7D-5CE45A67DBF6}"
EndProject
Project("{9A19103F-16F7-4668-BE54-9A1E7A4F7556}") = "PetConsoleBlobClient", "..\PetConsoleBlobClient\PetConsoleBlobClient.csproj", "{6596DC4A-1F2B-4F69-A1A6-D35FE3DA53CA}"
EndProject
Project("{9A19103F-16F7-4668-BE54-9A1E7A4F7556}") = "PetSearch", "..\PetSearch\PetSearch.csproj", "{23018C30-5881-4A29-810C-556A72227FC5}"
EndProject
Project("{FAE04EC0-301F-11D3-BF4B-00C04F79EFBC}") = "PetNotificationHub", "..\PetNotificationHub\PetNotificationHub.csproj", "{6D34CE46-AEE3-4165-9BD7-AF64D6DF972B}"
EndProject
Project("{9A19103F-16F7-4668-BE54-9A1E7A4F7556}") = "PetEventHubSender", "..\PetEventHubSender\PetEventHubSender.csproj", "{6E872CFC-985A-4DFF-8775-592AB9E0DD24}"
EndProject
Project("{9A19103F-16F7-4668-BE54-9A1E7A4F7556}") = "PetEventHubReceiver", "PetEventHubReceiver\PetEventHubReceiver.csproj", "{CAB9F244-F6D6-46E2-9D4A-CFA9B36EA855}"
EndProject
Project("{FAE04EC0-301F-11D3-BF4B-00C04F79EFBC}") = "PetRedisCache", "..\PetRedisCache\PetRedisCache.csproj", "{51B7B013-8695-4345-BA9A-8C8675BD85F3}"
EndProject
Global
	GlobalSection(SolutionConfigurationPlatforms) = preSolution
		Debug|Any CPU = Debug|Any CPU
		Debug|ARM = Debug|ARM
		Debug|ARM64 = Debug|ARM64
		Debug|x64 = Debug|x64
		Debug|x86 = Debug|x86
		Release|Any CPU = Release|Any CPU
		Release|ARM = Release|ARM
		Release|ARM64 = Release|ARM64
		Release|x64 = Release|x64
		Release|x86 = Release|x86
	EndGlobalSection
	GlobalSection(ProjectConfigurationPlatforms) = postSolution
		{EDD55EF2-9E67-45B1-9053-A0EC73CB990C}.Debug|Any CPU.ActiveCfg = Debug|Any CPU
		{EDD55EF2-9E67-45B1-9053-A0EC73CB990C}.Debug|Any CPU.Build.0 = Debug|Any CPU
		{EDD55EF2-9E67-45B1-9053-A0EC73CB990C}.Debug|ARM.ActiveCfg = Debug|Any CPU
		{EDD55EF2-9E67-45B1-9053-A0EC73CB990C}.Debug|ARM.Build.0 = Debug|Any CPU
		{EDD55EF2-9E67-45B1-9053-A0EC73CB990C}.Debug|ARM64.ActiveCfg = Debug|Any CPU
		{EDD55EF2-9E67-45B1-9053-A0EC73CB990C}.Debug|ARM64.Build.0 = Debug|Any CPU
		{EDD55EF2-9E67-45B1-9053-A0EC73CB990C}.Debug|x64.ActiveCfg = Debug|Any CPU
		{EDD55EF2-9E67-45B1-9053-A0EC73CB990C}.Debug|x64.Build.0 = Debug|Any CPU
		{EDD55EF2-9E67-45B1-9053-A0EC73CB990C}.Debug|x86.ActiveCfg = Debug|Any CPU
		{EDD55EF2-9E67-45B1-9053-A0EC73CB990C}.Debug|x86.Build.0 = Debug|Any CPU
		{EDD55EF2-9E67-45B1-9053-A0EC73CB990C}.Release|Any CPU.ActiveCfg = Release|Any CPU
		{EDD55EF2-9E67-45B1-9053-A0EC73CB990C}.Release|Any CPU.Build.0 = Release|Any CPU
		{EDD55EF2-9E67-45B1-9053-A0EC73CB990C}.Release|ARM.ActiveCfg = Release|Any CPU
		{EDD55EF2-9E67-45B1-9053-A0EC73CB990C}.Release|ARM.Build.0 = Release|Any CPU
		{EDD55EF2-9E67-45B1-9053-A0EC73CB990C}.Release|ARM64.ActiveCfg = Release|Any CPU
		{EDD55EF2-9E67-45B1-9053-A0EC73CB990C}.Release|ARM64.Build.0 = Release|Any CPU
		{EDD55EF2-9E67-45B1-9053-A0EC73CB990C}.Release|x64.ActiveCfg = Release|Any CPU
		{EDD55EF2-9E67-45B1-9053-A0EC73CB990C}.Release|x64.Build.0 = Release|Any CPU
		{EDD55EF2-9E67-45B1-9053-A0EC73CB990C}.Release|x86.ActiveCfg = Release|Any CPU
		{EDD55EF2-9E67-45B1-9053-A0EC73CB990C}.Release|x86.Build.0 = Release|Any CPU
		{37D5E0EB-AD51-4E81-850D-8FCD2A822D7D}.Debug|Any CPU.ActiveCfg = Debug|Any CPU
		{37D5E0EB-AD51-4E81-850D-8FCD2A822D7D}.Debug|Any CPU.Build.0 = Debug|Any CPU
		{37D5E0EB-AD51-4E81-850D-8FCD2A822D7D}.Debug|ARM.ActiveCfg = Debug|Any CPU
		{37D5E0EB-AD51-4E81-850D-8FCD2A822D7D}.Debug|ARM.Build.0 = Debug|Any CPU
		{37D5E0EB-AD51-4E81-850D-8FCD2A822D7D}.Debug|ARM64.ActiveCfg = Debug|Any CPU
		{37D5E0EB-AD51-4E81-850D-8FCD2A822D7D}.Debug|ARM64.Build.0 = Debug|Any CPU
		{37D5E0EB-AD51-4E81-850D-8FCD2A822D7D}.Debug|x64.ActiveCfg = Debug|Any CPU
		{37D5E0EB-AD51-4E81-850D-8FCD2A822D7D}.Debug|x64.Build.0 = Debug|Any CPU
		{37D5E0EB-AD51-4E81-850D-8FCD2A822D7D}.Debug|x86.ActiveCfg = Debug|Any CPU
		{37D5E0EB-AD51-4E81-850D-8FCD2A822D7D}.Debug|x86.Build.0 = Debug|Any CPU
		{37D5E0EB-AD51-4E81-850D-8FCD2A822D7D}.Release|Any CPU.ActiveCfg = Release|Any CPU
		{37D5E0EB-AD51-4E81-850D-8FCD2A822D7D}.Release|Any CPU.Build.0 = Release|Any CPU
		{37D5E0EB-AD51-4E81-850D-8FCD2A822D7D}.Release|ARM.ActiveCfg = Release|Any CPU
		{37D5E0EB-AD51-4E81-850D-8FCD2A822D7D}.Release|ARM.Build.0 = Release|Any CPU
		{37D5E0EB-AD51-4E81-850D-8FCD2A822D7D}.Release|ARM64.ActiveCfg = Release|Any CPU
		{37D5E0EB-AD51-4E81-850D-8FCD2A822D7D}.Release|ARM64.Build.0 = Release|Any CPU
		{37D5E0EB-AD51-4E81-850D-8FCD2A822D7D}.Release|x64.ActiveCfg = Release|Any CPU
		{37D5E0EB-AD51-4E81-850D-8FCD2A822D7D}.Release|x64.Build.0 = Release|Any CPU
		{37D5E0EB-AD51-4E81-850D-8FCD2A822D7D}.Release|x86.ActiveCfg = Release|Any CPU
		{37D5E0EB-AD51-4E81-850D-8FCD2A822D7D}.Release|x86.Build.0 = Release|Any CPU
		{F974C367-B1C1-4DCC-AD7D-5CE45A67DBF6}.Debug|Any CPU.ActiveCfg = Debug|Any CPU
		{F974C367-B1C1-4DCC-AD7D-5CE45A67DBF6}.Debug|Any CPU.Build.0 = Debug|Any CPU
		{F974C367-B1C1-4DCC-AD7D-5CE45A67DBF6}.Debug|ARM.ActiveCfg = Debug|Any CPU
		{F974C367-B1C1-4DCC-AD7D-5CE45A67DBF6}.Debug|ARM.Build.0 = Debug|Any CPU
		{F974C367-B1C1-4DCC-AD7D-5CE45A67DBF6}.Debug|ARM64.ActiveCfg = Debug|Any CPU
		{F974C367-B1C1-4DCC-AD7D-5CE45A67DBF6}.Debug|ARM64.Build.0 = Debug|Any CPU
		{F974C367-B1C1-4DCC-AD7D-5CE45A67DBF6}.Debug|x64.ActiveCfg = Debug|Any CPU
		{F974C367-B1C1-4DCC-AD7D-5CE45A67DBF6}.Debug|x64.Build.0 = Debug|Any CPU
		{F974C367-B1C1-4DCC-AD7D-5CE45A67DBF6}.Debug|x86.ActiveCfg = Debug|Any CPU
		{F974C367-B1C1-4DCC-AD7D-5CE45A67DBF6}.Debug|x86.Build.0 = Debug|Any CPU
		{F974C367-B1C1-4DCC-AD7D-5CE45A67DBF6}.Release|Any CPU.ActiveCfg = Release|Any CPU
		{F974C367-B1C1-4DCC-AD7D-5CE45A67DBF6}.Release|Any CPU.Build.0 = Release|Any CPU
		{F974C367-B1C1-4DCC-AD7D-5CE45A67DBF6}.Release|ARM.ActiveCfg = Release|Any CPU
		{F974C367-B1C1-4DCC-AD7D-5CE45A67DBF6}.Release|ARM.Build.0 = Release|Any CPU
		{F974C367-B1C1-4DCC-AD7D-5CE45A67DBF6}.Release|ARM64.ActiveCfg = Release|Any CPU
		{F974C367-B1C1-4DCC-AD7D-5CE45A67DBF6}.Release|ARM64.Build.0 = Release|Any CPU
		{F974C367-B1C1-4DCC-AD7D-5CE45A67DBF6}.Release|x64.ActiveCfg = Release|Any CPU
		{F974C367-B1C1-4DCC-AD7D-5CE45A67DBF6}.Release|x64.Build.0 = Release|Any CPU
		{F974C367-B1C1-4DCC-AD7D-5CE45A67DBF6}.Release|x86.ActiveCfg = Release|Any CPU
		{F974C367-B1C1-4DCC-AD7D-5CE45A67DBF6}.Release|x86.Build.0 = Release|Any CPU
		{6596DC4A-1F2B-4F69-A1A6-D35FE3DA53CA}.Debug|Any CPU.ActiveCfg = Debug|Any CPU
		{6596DC4A-1F2B-4F69-A1A6-D35FE3DA53CA}.Debug|Any CPU.Build.0 = Debug|Any CPU
		{6596DC4A-1F2B-4F69-A1A6-D35FE3DA53CA}.Debug|ARM.ActiveCfg = Debug|Any CPU
		{6596DC4A-1F2B-4F69-A1A6-D35FE3DA53CA}.Debug|ARM.Build.0 = Debug|Any CPU
		{6596DC4A-1F2B-4F69-A1A6-D35FE3DA53CA}.Debug|ARM64.ActiveCfg = Debug|Any CPU
		{6596DC4A-1F2B-4F69-A1A6-D35FE3DA53CA}.Debug|ARM64.Build.0 = Debug|Any CPU
		{6596DC4A-1F2B-4F69-A1A6-D35FE3DA53CA}.Debug|x64.ActiveCfg = Debug|Any CPU
		{6596DC4A-1F2B-4F69-A1A6-D35FE3DA53CA}.Debug|x64.Build.0 = Debug|Any CPU
		{6596DC4A-1F2B-4F69-A1A6-D35FE3DA53CA}.Debug|x86.ActiveCfg = Debug|Any CPU
		{6596DC4A-1F2B-4F69-A1A6-D35FE3DA53CA}.Debug|x86.Build.0 = Debug|Any CPU
		{6596DC4A-1F2B-4F69-A1A6-D35FE3DA53CA}.Release|Any CPU.ActiveCfg = Release|Any CPU
		{6596DC4A-1F2B-4F69-A1A6-D35FE3DA53CA}.Release|Any CPU.Build.0 = Release|Any CPU
		{6596DC4A-1F2B-4F69-A1A6-D35FE3DA53CA}.Release|ARM.ActiveCfg = Release|Any CPU
		{6596DC4A-1F2B-4F69-A1A6-D35FE3DA53CA}.Release|ARM.Build.0 = Release|Any CPU
		{6596DC4A-1F2B-4F69-A1A6-D35FE3DA53CA}.Release|ARM64.ActiveCfg = Release|Any CPU
		{6596DC4A-1F2B-4F69-A1A6-D35FE3DA53CA}.Release|ARM64.Build.0 = Release|Any CPU
		{6596DC4A-1F2B-4F69-A1A6-D35FE3DA53CA}.Release|x64.ActiveCfg = Release|Any CPU
		{6596DC4A-1F2B-4F69-A1A6-D35FE3DA53CA}.Release|x64.Build.0 = Release|Any CPU
		{6596DC4A-1F2B-4F69-A1A6-D35FE3DA53CA}.Release|x86.ActiveCfg = Release|Any CPU
		{6596DC4A-1F2B-4F69-A1A6-D35FE3DA53CA}.Release|x86.Build.0 = Release|Any CPU
		{23018C30-5881-4A29-810C-556A72227FC5}.Debug|Any CPU.ActiveCfg = Debug|Any CPU
		{23018C30-5881-4A29-810C-556A72227FC5}.Debug|Any CPU.Build.0 = Debug|Any CPU
		{23018C30-5881-4A29-810C-556A72227FC5}.Debug|ARM.ActiveCfg = Debug|Any CPU
		{23018C30-5881-4A29-810C-556A72227FC5}.Debug|ARM.Build.0 = Debug|Any CPU
		{23018C30-5881-4A29-810C-556A72227FC5}.Debug|ARM64.ActiveCfg = Debug|Any CPU
		{23018C30-5881-4A29-810C-556A72227FC5}.Debug|ARM64.Build.0 = Debug|Any CPU
		{23018C30-5881-4A29-810C-556A72227FC5}.Debug|x64.ActiveCfg = Debug|Any CPU
		{23018C30-5881-4A29-810C-556A72227FC5}.Debug|x64.Build.0 = Debug|Any CPU
		{23018C30-5881-4A29-810C-556A72227FC5}.Debug|x86.ActiveCfg = Debug|Any CPU
		{23018C30-5881-4A29-810C-556A72227FC5}.Debug|x86.Build.0 = Debug|Any CPU
		{23018C30-5881-4A29-810C-556A72227FC5}.Release|Any CPU.ActiveCfg = Release|Any CPU
		{23018C30-5881-4A29-810C-556A72227FC5}.Release|Any CPU.Build.0 = Release|Any CPU
		{23018C30-5881-4A29-810C-556A72227FC5}.Release|ARM.ActiveCfg = Release|Any CPU
		{23018C30-5881-4A29-810C-556A72227FC5}.Release|ARM.Build.0 = Release|Any CPU
		{23018C30-5881-4A29-810C-556A72227FC5}.Release|ARM64.ActiveCfg = Release|Any CPU
		{23018C30-5881-4A29-810C-556A72227FC5}.Release|ARM64.Build.0 = Release|Any CPU
		{23018C30-5881-4A29-810C-556A72227FC5}.Release|x64.ActiveCfg = Release|Any CPU
		{23018C30-5881-4A29-810C-556A72227FC5}.Release|x64.Build.0 = Release|Any CPU
		{23018C30-5881-4A29-810C-556A72227FC5}.Release|x86.ActiveCfg = Release|Any CPU
		{23018C30-5881-4A29-810C-556A72227FC5}.Release|x86.Build.0 = Release|Any CPU
		{6D34CE46-AEE3-4165-9BD7-AF64D6DF972B}.Debug|Any CPU.ActiveCfg = Debug|x86
		{6D34CE46-AEE3-4165-9BD7-AF64D6DF972B}.Debug|ARM.ActiveCfg = Debug|ARM
		{6D34CE46-AEE3-4165-9BD7-AF64D6DF972B}.Debug|ARM.Build.0 = Debug|ARM
		{6D34CE46-AEE3-4165-9BD7-AF64D6DF972B}.Debug|ARM.Deploy.0 = Debug|ARM
		{6D34CE46-AEE3-4165-9BD7-AF64D6DF972B}.Debug|ARM64.ActiveCfg = Debug|ARM64
		{6D34CE46-AEE3-4165-9BD7-AF64D6DF972B}.Debug|ARM64.Build.0 = Debug|ARM64
		{6D34CE46-AEE3-4165-9BD7-AF64D6DF972B}.Debug|ARM64.Deploy.0 = Debug|ARM64
		{6D34CE46-AEE3-4165-9BD7-AF64D6DF972B}.Debug|x64.ActiveCfg = Debug|x64
		{6D34CE46-AEE3-4165-9BD7-AF64D6DF972B}.Debug|x64.Build.0 = Debug|x64
		{6D34CE46-AEE3-4165-9BD7-AF64D6DF972B}.Debug|x64.Deploy.0 = Debug|x64
		{6D34CE46-AEE3-4165-9BD7-AF64D6DF972B}.Debug|x86.ActiveCfg = Debug|x86
		{6D34CE46-AEE3-4165-9BD7-AF64D6DF972B}.Debug|x86.Build.0 = Debug|x86
		{6D34CE46-AEE3-4165-9BD7-AF64D6DF972B}.Debug|x86.Deploy.0 = Debug|x86
		{6D34CE46-AEE3-4165-9BD7-AF64D6DF972B}.Release|Any CPU.ActiveCfg = Release|x86
		{6D34CE46-AEE3-4165-9BD7-AF64D6DF972B}.Release|ARM.ActiveCfg = Release|ARM
		{6D34CE46-AEE3-4165-9BD7-AF64D6DF972B}.Release|ARM.Build.0 = Release|ARM
		{6D34CE46-AEE3-4165-9BD7-AF64D6DF972B}.Release|ARM.Deploy.0 = Release|ARM
		{6D34CE46-AEE3-4165-9BD7-AF64D6DF972B}.Release|ARM64.ActiveCfg = Release|ARM64
		{6D34CE46-AEE3-4165-9BD7-AF64D6DF972B}.Release|ARM64.Build.0 = Release|ARM64
		{6D34CE46-AEE3-4165-9BD7-AF64D6DF972B}.Release|ARM64.Deploy.0 = Release|ARM64
		{6D34CE46-AEE3-4165-9BD7-AF64D6DF972B}.Release|x64.ActiveCfg = Release|x64
		{6D34CE46-AEE3-4165-9BD7-AF64D6DF972B}.Release|x64.Build.0 = Release|x64
		{6D34CE46-AEE3-4165-9BD7-AF64D6DF972B}.Release|x64.Deploy.0 = Release|x64
		{6D34CE46-AEE3-4165-9BD7-AF64D6DF972B}.Release|x86.ActiveCfg = Release|x86
		{6D34CE46-AEE3-4165-9BD7-AF64D6DF972B}.Release|x86.Build.0 = Release|x86
		{6D34CE46-AEE3-4165-9BD7-AF64D6DF972B}.Release|x86.Deploy.0 = Release|x86
		{6E872CFC-985A-4DFF-8775-592AB9E0DD24}.Debug|Any CPU.ActiveCfg = Debug|Any CPU
		{6E872CFC-985A-4DFF-8775-592AB9E0DD24}.Debug|Any CPU.Build.0 = Debug|Any CPU
		{6E872CFC-985A-4DFF-8775-592AB9E0DD24}.Debug|ARM.ActiveCfg = Debug|Any CPU
		{6E872CFC-985A-4DFF-8775-592AB9E0DD24}.Debug|ARM.Build.0 = Debug|Any CPU
		{6E872CFC-985A-4DFF-8775-592AB9E0DD24}.Debug|ARM64.ActiveCfg = Debug|Any CPU
		{6E872CFC-985A-4DFF-8775-592AB9E0DD24}.Debug|ARM64.Build.0 = Debug|Any CPU
		{6E872CFC-985A-4DFF-8775-592AB9E0DD24}.Debug|x64.ActiveCfg = Debug|Any CPU
		{6E872CFC-985A-4DFF-8775-592AB9E0DD24}.Debug|x64.Build.0 = Debug|Any CPU
		{6E872CFC-985A-4DFF-8775-592AB9E0DD24}.Debug|x86.ActiveCfg = Debug|Any CPU
		{6E872CFC-985A-4DFF-8775-592AB9E0DD24}.Debug|x86.Build.0 = Debug|Any CPU
		{6E872CFC-985A-4DFF-8775-592AB9E0DD24}.Release|Any CPU.ActiveCfg = Release|Any CPU
		{6E872CFC-985A-4DFF-8775-592AB9E0DD24}.Release|Any CPU.Build.0 = Release|Any CPU
		{6E872CFC-985A-4DFF-8775-592AB9E0DD24}.Release|ARM.ActiveCfg = Release|Any CPU
		{6E872CFC-985A-4DFF-8775-592AB9E0DD24}.Release|ARM.Build.0 = Release|Any CPU
		{6E872CFC-985A-4DFF-8775-592AB9E0DD24}.Release|ARM64.ActiveCfg = Release|Any CPU
		{6E872CFC-985A-4DFF-8775-592AB9E0DD24}.Release|ARM64.Build.0 = Release|Any CPU
		{6E872CFC-985A-4DFF-8775-592AB9E0DD24}.Release|x64.ActiveCfg = Release|Any CPU
		{6E872CFC-985A-4DFF-8775-592AB9E0DD24}.Release|x64.Build.0 = Release|Any CPU
		{6E872CFC-985A-4DFF-8775-592AB9E0DD24}.Release|x86.ActiveCfg = Release|Any CPU
		{6E872CFC-985A-4DFF-8775-592AB9E0DD24}.Release|x86.Build.0 = Release|Any CPU
		{CAB9F244-F6D6-46E2-9D4A-CFA9B36EA855}.Debug|Any CPU.ActiveCfg = Debug|Any CPU
		{CAB9F244-F6D6-46E2-9D4A-CFA9B36EA855}.Debug|Any CPU.Build.0 = Debug|Any CPU
		{CAB9F244-F6D6-46E2-9D4A-CFA9B36EA855}.Debug|ARM.ActiveCfg = Debug|Any CPU
		{CAB9F244-F6D6-46E2-9D4A-CFA9B36EA855}.Debug|ARM.Build.0 = Debug|Any CPU
		{CAB9F244-F6D6-46E2-9D4A-CFA9B36EA855}.Debug|ARM64.ActiveCfg = Debug|Any CPU
		{CAB9F244-F6D6-46E2-9D4A-CFA9B36EA855}.Debug|ARM64.Build.0 = Debug|Any CPU
		{CAB9F244-F6D6-46E2-9D4A-CFA9B36EA855}.Debug|x64.ActiveCfg = Debug|Any CPU
		{CAB9F244-F6D6-46E2-9D4A-CFA9B36EA855}.Debug|x64.Build.0 = Debug|Any CPU
		{CAB9F244-F6D6-46E2-9D4A-CFA9B36EA855}.Debug|x86.ActiveCfg = Debug|Any CPU
		{CAB9F244-F6D6-46E2-9D4A-CFA9B36EA855}.Debug|x86.Build.0 = Debug|Any CPU
		{CAB9F244-F6D6-46E2-9D4A-CFA9B36EA855}.Release|Any CPU.ActiveCfg = Release|Any CPU
		{CAB9F244-F6D6-46E2-9D4A-CFA9B36EA855}.Release|Any CPU.Build.0 = Release|Any CPU
		{CAB9F244-F6D6-46E2-9D4A-CFA9B36EA855}.Release|ARM.ActiveCfg = Release|Any CPU
		{CAB9F244-F6D6-46E2-9D4A-CFA9B36EA855}.Release|ARM.Build.0 = Release|Any CPU
		{CAB9F244-F6D6-46E2-9D4A-CFA9B36EA855}.Release|ARM64.ActiveCfg = Release|Any CPU
		{CAB9F244-F6D6-46E2-9D4A-CFA9B36EA855}.Release|ARM64.Build.0 = Release|Any CPU
		{CAB9F244-F6D6-46E2-9D4A-CFA9B36EA855}.Release|x64.ActiveCfg = Release|Any CPU
		{CAB9F244-F6D6-46E2-9D4A-CFA9B36EA855}.Release|x64.Build.0 = Release|Any CPU
		{CAB9F244-F6D6-46E2-9D4A-CFA9B36EA855}.Release|x86.ActiveCfg = Release|Any CPU
		{CAB9F244-F6D6-46E2-9D4A-CFA9B36EA855}.Release|x86.Build.0 = Release|Any CPU
		{51B7B013-8695-4345-BA9A-8C8675BD85F3}.Debug|Any CPU.ActiveCfg = Debug|Any CPU
		{51B7B013-8695-4345-BA9A-8C8675BD85F3}.Debug|Any CPU.Build.0 = Debug|Any CPU
		{51B7B013-8695-4345-BA9A-8C8675BD85F3}.Debug|ARM.ActiveCfg = Debug|Any CPU
		{51B7B013-8695-4345-BA9A-8C8675BD85F3}.Debug|ARM.Build.0 = Debug|Any CPU
		{51B7B013-8695-4345-BA9A-8C8675BD85F3}.Debug|ARM64.ActiveCfg = Debug|Any CPU
		{51B7B013-8695-4345-BA9A-8C8675BD85F3}.Debug|ARM64.Build.0 = Debug|Any CPU
		{51B7B013-8695-4345-BA9A-8C8675BD85F3}.Debug|x64.ActiveCfg = Debug|Any CPU
		{51B7B013-8695-4345-BA9A-8C8675BD85F3}.Debug|x64.Build.0 = Debug|Any CPU
		{51B7B013-8695-4345-BA9A-8C8675BD85F3}.Debug|x86.ActiveCfg = Debug|Any CPU
		{51B7B013-8695-4345-BA9A-8C8675BD85F3}.Debug|x86.Build.0 = Debug|Any CPU
		{51B7B013-8695-4345-BA9A-8C8675BD85F3}.Release|Any CPU.ActiveCfg = Release|Any CPU
		{51B7B013-8695-4345-BA9A-8C8675BD85F3}.Release|Any CPU.Build.0 = Release|Any CPU
		{51B7B013-8695-4345-BA9A-8C8675BD85F3}.Release|ARM.ActiveCfg = Release|Any CPU
		{51B7B013-8695-4345-BA9A-8C8675BD85F3}.Release|ARM.Build.0 = Release|Any CPU
		{51B7B013-8695-4345-BA9A-8C8675BD85F3}.Release|ARM64.ActiveCfg = Release|Any CPU
		{51B7B013-8695-4345-BA9A-8C8675BD85F3}.Release|ARM64.Build.0 = Release|Any CPU
		{51B7B013-8695-4345-BA9A-8C8675BD85F3}.Release|x64.ActiveCfg = Release|Any CPU
		{51B7B013-8695-4345-BA9A-8C8675BD85F3}.Release|x64.Build.0 = Release|Any CPU
		{51B7B013-8695-4345-BA9A-8C8675BD85F3}.Release|x86.ActiveCfg = Release|Any CPU
		{51B7B013-8695-4345-BA9A-8C8675BD85F3}.Release|x86.Build.0 = Release|Any CPU
	EndGlobalSection
	GlobalSection(SolutionProperties) = preSolution
		HideSolutionNode = FALSE
	EndGlobalSection
	GlobalSection(ExtensibilityGlobals) = postSolution
		SolutionGuid = {9F19F4BA-F44F-4B6C-897B-DF54277D3795}
	EndGlobalSection
EndGlobal
